
Microsoft Visual Studio Solution File, Format Version 12.00
# Visual Studio 15
VisualStudioVersion = 15.0.28307.705
MinimumVisualStudioVersion = 10.0.40219.1
Project("{FAE04EC0-301F-11D3-BF4B-00C04F79EFBC}") = "SmartApp.Android", "SmartApp\SmartApp.Android\SmartApp.Android.csproj", "{EF003824-F213-49E7-BDFB-28B71CFDFB9D}"
EndProject
Project("{FAE04EC0-301F-11D3-BF4B-00C04F79EFBC}") = "SmartApp.iOS", "SmartApp\SmartApp.iOS\SmartApp.iOS.csproj", "{BA92DE8A-B110-41E6-B1D4-16297AC8C86C}"
EndProject
Project("{9A19103F-16F7-4668-BE54-9A1E7A4F7556}") = "SmartApp", "SmartApp\SmartApp\SmartApp.csproj", "{3758225C-BD27-402D-BCA6-7E0331394B56}"
EndProject
Global
	GlobalSection(SolutionConfigurationPlatforms) = preSolution
		Ad-Hoc|Any CPU = Ad-Hoc|Any CPU
		Ad-Hoc|iPhone = Ad-Hoc|iPhone
		Ad-Hoc|iPhoneSimulator = Ad-Hoc|iPhoneSimulator
		AppStore|Any CPU = AppStore|Any CPU
		AppStore|iPhone = AppStore|iPhone
		AppStore|iPhoneSimulator = AppStore|iPhoneSimulator
		Debug|Any CPU = Debug|Any CPU
		Debug|iPhone = Debug|iPhone
		Debug|iPhoneSimulator = Debug|iPhoneSimulator
		Release|Any CPU = Release|Any CPU
		Release|iPhone = Release|iPhone
		Release|iPhoneSimulator = Release|iPhoneSimulator
	EndGlobalSection
	GlobalSection(ProjectConfigurationPlatforms) = postSolution
		{EF003824-F213-49E7-BDFB-28B71CFDFB9D}.Ad-Hoc|Any CPU.ActiveCfg = Release|Any CPU
		{EF003824-F213-49E7-BDFB-28B71CFDFB9D}.Ad-Hoc|Any CPU.Build.0 = Release|Any CPU
		{EF003824-F213-49E7-BDFB-28B71CFDFB9D}.Ad-Hoc|Any CPU.Deploy.0 = Release|Any CPU
		{EF003824-F213-49E7-BDFB-28B71CFDFB9D}.Ad-Hoc|iPhone.ActiveCfg = Release|Any CPU
		{EF003824-F213-49E7-BDFB-28B71CFDFB9D}.Ad-Hoc|iPhone.Build.0 = Release|Any CPU
		{EF003824-F213-49E7-BDFB-28B71CFDFB9D}.Ad-Hoc|iPhone.Deploy.0 = Release|Any CPU
		{EF003824-F213-49E7-BDFB-28B71CFDFB9D}.Ad-Hoc|iPhoneSimulator.ActiveCfg = Release|Any CPU
		{EF003824-F213-49E7-BDFB-28B71CFDFB9D}.Ad-Hoc|iPhoneSimulator.Build.0 = Release|Any CPU
		{EF003824-F213-49E7-BDFB-28B71CFDFB9D}.Ad-Hoc|iPhoneSimulator.Deploy.0 = Release|Any CPU
		{EF003824-F213-49E7-BDFB-28B71CFDFB9D}.AppStore|Any CPU.ActiveCfg = Release|Any CPU
		{EF003824-F213-49E7-BDFB-28B71CFDFB9D}.AppStore|Any CPU.Build.0 = Release|Any CPU
		{EF003824-F213-49E7-BDFB-28B71CFDFB9D}.AppStore|Any CPU.Deploy.0 = Release|Any CPU
		{EF003824-F213-49E7-BDFB-28B71CFDFB9D}.AppStore|iPhone.ActiveCfg = Release|Any CPU
		{EF003824-F213-49E7-BDFB-28B71CFDFB9D}.AppStore|iPhone.Build.0 = Release|Any CPU
		{EF003824-F213-49E7-BDFB-28B71CFDFB9D}.AppStore|iPhone.Deploy.0 = Release|Any CPU
		{EF003824-F213-49E7-BDFB-28B71CFDFB9D}.AppStore|iPhoneSimulator.ActiveCfg = Release|Any CPU
		{EF003824-F213-49E7-BDFB-28B71CFDFB9D}.AppStore|iPhoneSimulator.Build.0 = Release|Any CPU
		{EF003824-F213-49E7-BDFB-28B71CFDFB9D}.AppStore|iPhoneSimulator.Deploy.0 = Release|Any CPU
		{EF003824-F213-49E7-BDFB-28B71CFDFB9D}.Debug|Any CPU.ActiveCfg = Debug|Any CPU
		{EF003824-F213-49E7-BDFB-28B71CFDFB9D}.Debug|Any CPU.Build.0 = Debug|Any CPU
		{EF003824-F213-49E7-BDFB-28B71CFDFB9D}.Debug|Any CPU.Deploy.0 = Debug|Any CPU
		{EF003824-F213-49E7-BDFB-28B71CFDFB9D}.Debug|iPhone.ActiveCfg = Debug|Any CPU
		{EF003824-F213-49E7-BDFB-28B71CFDFB9D}.Debug|iPhone.Build.0 = Debug|Any CPU
		{EF003824-F213-49E7-BDFB-28B71CFDFB9D}.Debug|iPhone.Deploy.0 = Debug|Any CPU
		{EF003824-F213-49E7-BDFB-28B71CFDFB9D}.Debug|iPhoneSimulator.ActiveCfg = Debug|Any CPU
		{EF003824-F213-49E7-BDFB-28B71CFDFB9D}.Debug|iPhoneSimulator.Build.0 = Debug|Any CPU
		{EF003824-F213-49E7-BDFB-28B71CFDFB9D}.Debug|iPhoneSimulator.Deploy.0 = Debug|Any CPU
		{EF003824-F213-49E7-BDFB-28B71CFDFB9D}.Release|Any CPU.ActiveCfg = Release|Any CPU
		{EF003824-F213-49E7-BDFB-28B71CFDFB9D}.Release|Any CPU.Build.0 = Release|Any CPU
		{EF003824-F213-49E7-BDFB-28B71CFDFB9D}.Release|Any CPU.Deploy.0 = Release|Any CPU
		{EF003824-F213-49E7-BDFB-28B71CFDFB9D}.Release|iPhone.ActiveCfg = Release|Any CPU
		{EF003824-F213-49E7-BDFB-28B71CFDFB9D}.Release|iPhone.Build.0 = Release|Any CPU
		{EF003824-F213-49E7-BDFB-28B71CFDFB9D}.Release|iPhone.Deploy.0 = Release|Any CPU
		{EF003824-F213-49E7-BDFB-28B71CFDFB9D}.Release|iPhoneSimulator.ActiveCfg = Release|Any CPU
		{EF003824-F213-49E7-BDFB-28B71CFDFB9D}.Release|iPhoneSimulator.Build.0 = Release|Any CPU
		{EF003824-F213-49E7-BDFB-28B71CFDFB9D}.Release|iPhoneSimulator.Deploy.0 = Release|Any CPU
		{BA92DE8A-B110-41E6-B1D4-16297AC8C86C}.Ad-Hoc|Any CPU.ActiveCfg = Ad-Hoc|iPhone
		{BA92DE8A-B110-41E6-B1D4-16297AC8C86C}.Ad-Hoc|Any CPU.Build.0 = Ad-Hoc|iPhone
		{BA92DE8A-B110-41E6-B1D4-16297AC8C86C}.Ad-Hoc|Any CPU.Deploy.0 = Ad-Hoc|iPhone
		{BA92DE8A-B110-41E6-B1D4-16297AC8C86C}.Ad-Hoc|iPhone.ActiveCfg = Ad-Hoc|iPhone
		{BA92DE8A-B110-41E6-B1D4-16297AC8C86C}.Ad-Hoc|iPhone.Build.0 = Ad-Hoc|iPhone
		{BA92DE8A-B110-41E6-B1D4-16297AC8C86C}.Ad-Hoc|iPhone.Deploy.0 = Ad-Hoc|iPhone
		{BA92DE8A-B110-41E6-B1D4-16297AC8C86C}.Ad-Hoc|iPhoneSimulator.ActiveCfg = Ad-Hoc|iPhoneSimulator
		{BA92DE8A-B110-41E6-B1D4-16297AC8C86C}.Ad-Hoc|iPhoneSimulator.Build.0 = Ad-Hoc|iPhoneSimulator
		{BA92DE8A-B110-41E6-B1D4-16297AC8C86C}.Ad-Hoc|iPhoneSimulator.Deploy.0 = Ad-Hoc|iPhoneSimulator
		{BA92DE8A-B110-41E6-B1D4-16297AC8C86C}.AppStore|Any CPU.ActiveCfg = AppStore|iPhone
		{BA92DE8A-B110-41E6-B1D4-16297AC8C86C}.AppStore|Any CPU.Build.0 = AppStore|iPhone
		{BA92DE8A-B110-41E6-B1D4-16297AC8C86C}.AppStore|Any CPU.Deploy.0 = AppStore|iPhone
		{BA92DE8A-B110-41E6-B1D4-16297AC8C86C}.AppStore|iPhone.ActiveCfg = AppStore|iPhone
		{BA92DE8A-B110-41E6-B1D4-16297AC8C86C}.AppStore|iPhone.Build.0 = AppStore|iPhone
		{BA92DE8A-B110-41E6-B1D4-16297AC8C86C}.AppStore|iPhone.Deploy.0 = AppStore|iPhone
		{BA92DE8A-B110-41E6-B1D4-16297AC8C86C}.AppStore|iPhoneSimulator.ActiveCfg = AppStore|iPhoneSimulator
		{BA92DE8A-B110-41E6-B1D4-16297AC8C86C}.AppStore|iPhoneSimulator.Build.0 = AppStore|iPhoneSimulator
		{BA92DE8A-B110-41E6-B1D4-16297AC8C86C}.AppStore|iPhoneSimulator.Deploy.0 = AppStore|iPhoneSimulator
		{BA92DE8A-B110-41E6-B1D4-16297AC8C86C}.Debug|Any CPU.ActiveCfg = Debug|iPhoneSimulator
		{BA92DE8A-B110-41E6-B1D4-16297AC8C86C}.Debug|Any CPU.Build.0 = Debug|iPhoneSimulator
		{BA92DE8A-B110-41E6-B1D4-16297AC8C86C}.Debug|Any CPU.Deploy.0 = Debug|iPhoneSimulator
		{BA92DE8A-B110-41E6-B1D4-16297AC8C86C}.Debug|iPhone.ActiveCfg = Debug|iPhone
		{BA92DE8A-B110-41E6-B1D4-16297AC8C86C}.Debug|iPhone.Build.0 = Debug|iPhone
		{BA92DE8A-B110-41E6-B1D4-16297AC8C86C}.Debug|iPhone.Deploy.0 = Debug|iPhone
		{BA92DE8A-B110-41E6-B1D4-16297AC8C86C}.Debug|iPhoneSimulator.ActiveCfg = Debug|iPhoneSimulator
		{BA92DE8A-B110-41E6-B1D4-16297AC8C86C}.Debug|iPhoneSimulator.Build.0 = Debug|iPhoneSimulator
		{BA92DE8A-B110-41E6-B1D4-16297AC8C86C}.Debug|iPhoneSimulator.Deploy.0 = Debug|iPhoneSimulator
		{BA92DE8A-B110-41E6-B1D4-16297AC8C86C}.Release|Any CPU.ActiveCfg = Release|iPhone
		{BA92DE8A-B110-41E6-B1D4-16297AC8C86C}.Release|Any CPU.Build.0 = Release|iPhone
		{BA92DE8A-B110-41E6-B1D4-16297AC8C86C}.Release|Any CPU.Deploy.0 = Release|iPhone
		{BA92DE8A-B110-41E6-B1D4-16297AC8C86C}.Release|iPhone.ActiveCfg = Release|iPhone
		{BA92DE8A-B110-41E6-B1D4-16297AC8C86C}.Release|iPhone.Build.0 = Release|iPhone
		{BA92DE8A-B110-41E6-B1D4-16297AC8C86C}.Release|iPhone.Deploy.0 = Release|iPhone
		{BA92DE8A-B110-41E6-B1D4-16297AC8C86C}.Release|iPhoneSimulator.ActiveCfg = Release|iPhoneSimulator
		{BA92DE8A-B110-41E6-B1D4-16297AC8C86C}.Release|iPhoneSimulator.Build.0 = Release|iPhoneSimulator
		{BA92DE8A-B110-41E6-B1D4-16297AC8C86C}.Release|iPhoneSimulator.Deploy.0 = Release|iPhoneSimulator
		{3758225C-BD27-402D-BCA6-7E0331394B56}.Ad-Hoc|Any CPU.ActiveCfg = Debug|Any CPU
		{3758225C-BD27-402D-BCA6-7E0331394B56}.Ad-Hoc|Any CPU.Build.0 = Debug|Any CPU
		{3758225C-BD27-402D-BCA6-7E0331394B56}.Ad-Hoc|Any CPU.Deploy.0 = Debug|Any CPU
		{3758225C-BD27-402D-BCA6-7E0331394B56}.Ad-Hoc|iPhone.ActiveCfg = Debug|Any CPU
		{3758225C-BD27-402D-BCA6-7E0331394B56}.Ad-Hoc|iPhone.Build.0 = Debug|Any CPU
		{3758225C-BD27-402D-BCA6-7E0331394B56}.Ad-Hoc|iPhone.Deploy.0 = Debug|Any CPU
		{3758225C-BD27-402D-BCA6-7E0331394B56}.Ad-Hoc|iPhoneSimulator.ActiveCfg = Debug|Any CPU
		{3758225C-BD27-402D-BCA6-7E0331394B56}.Ad-Hoc|iPhoneSimulator.Build.0 = Debug|Any CPU
		{3758225C-BD27-402D-BCA6-7E0331394B56}.Ad-Hoc|iPhoneSimulator.Deploy.0 = Debug|Any CPU
		{3758225C-BD27-402D-BCA6-7E0331394B56}.AppStore|Any CPU.ActiveCfg = Debug|Any CPU
		{3758225C-BD27-402D-BCA6-7E0331394B56}.AppStore|Any CPU.Build.0 = Debug|Any CPU
		{3758225C-BD27-402D-BCA6-7E0331394B56}.AppStore|Any CPU.Deploy.0 = Debug|Any CPU
		{3758225C-BD27-402D-BCA6-7E0331394B56}.AppStore|iPhone.ActiveCfg = Debug|Any CPU
		{3758225C-BD27-402D-BCA6-7E0331394B56}.AppStore|iPhone.Build.0 = Debug|Any CPU
		{3758225C-BD27-402D-BCA6-7E0331394B56}.AppStore|iPhone.Deploy.0 = Debug|Any CPU
		{3758225C-BD27-402D-BCA6-7E0331394B56}.AppStore|iPhoneSimulator.ActiveCfg = Debug|Any CPU
		{3758225C-BD27-402D-BCA6-7E0331394B56}.AppStore|iPhoneSimulator.Build.0 = Debug|Any CPU
		{3758225C-BD27-402D-BCA6-7E0331394B56}.AppStore|iPhoneSimulator.Deploy.0 = Debug|Any CPU
		{3758225C-BD27-402D-BCA6-7E0331394B56}.Debug|Any CPU.ActiveCfg = Debug|Any CPU
		{3758225C-BD27-402D-BCA6-7E0331394B56}.Debug|Any CPU.Build.0 = Debug|Any CPU
		{3758225C-BD27-402D-BCA6-7E0331394B56}.Debug|Any CPU.Deploy.0 = Debug|Any CPU
		{3758225C-BD27-402D-BCA6-7E0331394B56}.Debug|iPhone.ActiveCfg = Debug|Any CPU
		{3758225C-BD27-402D-BCA6-7E0331394B56}.Debug|iPhone.Build.0 = Debug|Any CPU
		{3758225C-BD27-402D-BCA6-7E0331394B56}.Debug|iPhone.Deploy.0 = Debug|Any CPU
		{3758225C-BD27-402D-BCA6-7E0331394B56}.Debug|iPhoneSimulator.ActiveCfg = Debug|Any CPU
		{3758225C-BD27-402D-BCA6-7E0331394B56}.Debug|iPhoneSimulator.Build.0 = Debug|Any CPU
		{3758225C-BD27-402D-BCA6-7E0331394B56}.Debug|iPhoneSimulator.Deploy.0 = Debug|Any CPU
		{3758225C-BD27-402D-BCA6-7E0331394B56}.Release|Any CPU.ActiveCfg = Release|Any CPU
		{3758225C-BD27-402D-BCA6-7E0331394B56}.Release|Any CPU.Build.0 = Release|Any CPU
		{3758225C-BD27-402D-BCA6-7E0331394B56}.Release|Any CPU.Deploy.0 = Release|Any CPU
		{3758225C-BD27-402D-BCA6-7E0331394B56}.Release|iPhone.ActiveCfg = Release|Any CPU
		{3758225C-BD27-402D-BCA6-7E0331394B56}.Release|iPhone.Build.0 = Release|Any CPU
		{3758225C-BD27-402D-BCA6-7E0331394B56}.Release|iPhone.Deploy.0 = Release|Any CPU
		{3758225C-BD27-402D-BCA6-7E0331394B56}.Release|iPhoneSimulator.ActiveCfg = Release|Any CPU
		{3758225C-BD27-402D-BCA6-7E0331394B56}.Release|iPhoneSimulator.Build.0 = Release|Any CPU
		{3758225C-BD27-402D-BCA6-7E0331394B56}.Release|iPhoneSimulator.Deploy.0 = Release|Any CPU
	EndGlobalSection
	GlobalSection(SolutionProperties) = preSolution
		HideSolutionNode = FALSE
	EndGlobalSection
	GlobalSection(ExtensibilityGlobals) = postSolution
		SolutionGuid = {09D3991F-33A0-4D73-BA3A-1551D1C2F8C2}
	EndGlobalSection
EndGlobal
